Microsoft Visual Studio Solution File, Format Version 11.00
# Visual Studio 2008

Project("{37EE6041-82F0-63C2-124E-76FAD39472BB}") = "Map Gen", "Assembly-CSharp-vs.csproj", "{5769E9D0-9A62-88F8-4F2C-602269A6F3B8}"
EndProject
Global
	GlobalSection(SolutionConfigurationPlatforms) = preSolution
		Debug|Any CPU = Debug|Any CPU
		Release|Any CPU = Release|Any CPU
	EndGlobalSection
	GlobalSection(ProjectConfigurationPlatforms) = postSolution
		{5769E9D0-9A62-88F8-4F2C-602269A6F3B8}.Debug|Any CPU.ActiveCfg = Debug|Any CPU
		{5769E9D0-9A62-88F8-4F2C-602269A6F3B8}.Debug|Any CPU.Build.0 = Debug|Any CPU
		{5769E9D0-9A62-88F8-4F2C-602269A6F3B8}.Release|Any CPU.ActiveCfg = Release|Any CPU
		{5769E9D0-9A62-88F8-4F2C-602269A6F3B8}.Release|Any CPU.Build.0 = Release|Any CPU
	EndGlobalSection
	GlobalSection(SolutionProperties) = preSolution
		HideSolutionNode = FALSE
	EndGlobalSection
							GlobalSection(MonoDevelopProperties) = preSolution
		StartupItem = Assembly-CSharp.csproj
		Policies = $0
		$0.TextStylePolicy = $1
		$1.inheritsSet = null
		$1.scope = text/x-csharp
		$0.CSharpFormattingPolicy = $2
		$2.inheritsSet = Mono
		$2.inheritsScope = text/x-csharp
		$2.scope = text/x-csharp
		$0.TextStylePolicy = $3
		$3.FileWidth = 120
		$3.TabWidth = 4
		$3.IndentWidth = 4
		$3.EolMarker = Unix
		$3.inheritsSet = Mono
		$3.inheritsScope = text/plain
		$3.scope = text/plain
	EndGlobalSection

EndGlobal
